{
    "_readme": [
        "This file locks the dependencies of your project to a known state",
        "Read more about it at https://getcomposer.org/doc/01-basic-usage.md#composer-lock-the-lock-file",
        "This file is @generated automatically"
    ],
    "content-hash": "13829675509ed4476dfe414e100307fe",
    "packages": [
        {
            "name": "ekowabaka/fzui",
            "version": "dev-master",
            "source": {
                "type": "git",
                "url": "https://github.com/ekowabaka/fzui.git",
                "reference": "17b238e91fb6168f218a13a70f3b3ab4d41ef819"
            },
            "dist": {
                "type": "zip",
                "url": "https://api.github.com/repos/ekowabaka/fzui/zipball/17b238e91fb6168f218a13a70f3b3ab4d41ef819",
                "reference": "17b238e91fb6168f218a13a70f3b3ab4d41ef819",
                "shasum": ""
            },
            "type": "library",
            "notification-url": "https://packagist.org/downloads/",
            "license": [
                "MIT"
            ],
            "authors": [
                {
                    "name": "Ekow Abaka Ainooson",
                    "email": "jainooson@gmail.com"
                }
            ],
            "description": "UI Library",
            "time": "2017-07-01 09:08:21"
        },
        {
            "name": "fortawesome/font-awesome",
            "version": "v4.7.0",
            "source": {
                "type": "git",
                "url": "https://github.com/FortAwesome/Font-Awesome.git",
                "reference": "a8386aae19e200ddb0f6845b5feeee5eb7013687"
            },
            "dist": {
                "type": "zip",
                "url": "https://api.github.com/repos/FortAwesome/Font-Awesome/zipball/a8386aae19e200ddb0f6845b5feeee5eb7013687",
                "reference": "a8386aae19e200ddb0f6845b5feeee5eb7013687",
                "shasum": ""
            },
            "require-dev": {
                "jekyll": "1.0.2",
                "lessc": "1.4.2"
            },
            "type": "library",
            "extra": {
                "branch-alias": {
                    "dev-master": "4.6.x-dev"
                }
            },
            "notification-url": "https://packagist.org/downloads/",
            "license": [
                "OFL-1.1",
                "MIT"
            ],
            "authors": [
                {
                    "name": "Dave Gandy",
                    "email": "dave@fontawesome.io",
                    "homepage": "http://twitter.com/davegandy",
                    "role": "Developer"
                }
            ],
            "description": "The iconic font and CSS framework",
            "homepage": "http://fontawesome.io/",
            "keywords": [
                "FontAwesome",
                "awesome",
                "bootstrap",
                "font",
                "icon"
            ],
            "time": "2016-10-24T15:52:54+00:00"
        },
        {
            "name": "frameworks/handlebars.js",
            "version": "2.0.0",
            "source": {
                "type": "git",
                "url": "https://github.com/frameworks/handlebars.js.git",
                "reference": "9e75211fc383f7d67582254d5e91efb4fb1bb8b4"
            },
            "dist": {
                "type": "zip",
                "url": "https://api.github.com/repos/frameworks/handlebars.js/zipball/9e75211fc383f7d67582254d5e91efb4fb1bb8b4",
                "reference": "9e75211fc383f7d67582254d5e91efb4fb1bb8b4",
                "shasum": ""
            },
            "type": "library",
            "notification-url": "https://packagist.org/downloads/",
            "time": "2014-09-02T13:00:48+00:00"
        },
        {
            "name": "frameworks/jquery",
            "version": "2.1.4",
            "source": {
                "type": "git",
                "url": "https://github.com/frameworks/jquery.git",
                "reference": "ef9c4fe9fcb23914bba6ec6d32c556e4a38a0fd9"
            },
            "dist": {
                "type": "zip",
                "url": "https://api.github.com/repos/frameworks/jquery/zipball/ef9c4fe9fcb23914bba6ec6d32c556e4a38a0fd9",
                "reference": "ef9c4fe9fcb23914bba6ec6d32c556e4a38a0fd9",
                "shasum": ""
            },
            "type": "library",
            "notification-url": "https://packagist.org/downloads/",
            "license": [
                "MIT"
            ],
            "description": "jQuery JavaScript Library",
            "homepage": "http://jquery.com",
            "time": "2015-10-09T00:55:51+00:00"
        }
    ],
    "packages-dev": [],
    "aliases": [],
    "minimum-stability": "stable",
    "stability-flags": {
        "ekowabaka/fzui": 20,
        "frameworks/handlebars.js": 0,
        "frameworks/jquery": 0
    },
    "prefer-stable": false,
    "prefer-lowest": false,
    "platform": [],
    "platform-dev": []
}
